
Microsoft Visual Studio Solution File, Format Version 12.00
# Visual Studio Version 16
VisualStudioVersion = 16.0.31129.286
MinimumVisualStudioVersion = 10.0.40219.1
Project("{FAE04EC0-301F-11D3-BF4B-00C04F79EFBC}") = "DotNetWebApiApp", "DotNetWebApiApp\DotNetWebApiApp.csproj", "{40CE3CBC-2766-4931-8D9D-7F2C5DA650FE}"
EndProject
Global
	GlobalSection(SolutionConfigurationPlatforms) = preSolution
		Debug|Any CPU = Debug|Any CPU
		Release|Any CPU = Release|Any CPU
	EndGlobalSection
	GlobalSection(ProjectConfigurationPlatforms) = postSolution
		{40CE3CBC-2766-4931-8D9D-7F2C5DA650FE}.Debug|Any CPU.ActiveCfg = Debug|Any CPU
		{40CE3CBC-2766-4931-8D9D-7F2C5DA650FE}.Debug|Any CPU.Build.0 = Debug|Any CPU
		{40CE3CBC-2766-4931-8D9D-7F2C5DA650FE}.Release|Any CPU.ActiveCfg = Release|Any CPU
		{40CE3CBC-2766-4931-8D9D-7F2C5DA650FE}.Release|Any CPU.Build.0 = Release|Any CPU
	EndGlobalSection
	GlobalSection(SolutionProperties) = preSolution
		HideSolutionNode = FALSE
	EndGlobalSection
	GlobalSection(ExtensibilityGlobals) = postSolution
		SolutionGuid = {0931B084-FEE7-4F72-BEEB-9AEAFC3A519B}
	EndGlobalSection
EndGlobal
